
Microsoft Visual Studio Solution File, Format Version 12.00
# Visual Studio Version 16
VisualStudioVersion = 16.0.30011.22
MinimumVisualStudioVersion = 10.0.40219.1
Project("{FAE04EC0-301F-11D3-BF4B-00C04F79EFBC}") = "Calculadora", "Calculadora\Calculadora.csproj", "{1AD4DE98-0687-406E-90B2-40FAA8D75577}"
EndProject
Global
	GlobalSection(SolutionConfigurationPlatforms) = preSolution
		Debug|Any CPU = Debug|Any CPU
		Release|Any CPU = Release|Any CPU
	EndGlobalSection
	GlobalSection(ProjectConfigurationPlatforms) = postSolution
		{1AD4DE98-0687-406E-90B2-40FAA8D75577}.Debug|Any CPU.ActiveCfg = Debug|Any CPU
		{1AD4DE98-0687-406E-90B2-40FAA8D75577}.Debug|Any CPU.Build.0 = Debug|Any CPU
		{1AD4DE98-0687-406E-90B2-40FAA8D75577}.Release|Any CPU.ActiveCfg = Release|Any CPU
		{1AD4DE98-0687-406E-90B2-40FAA8D75577}.Release|Any CPU.Build.0 = Release|Any CPU
	EndGlobalSection
	GlobalSection(SolutionProperties) = preSolution
		HideSolutionNode = FALSE
	EndGlobalSection
	GlobalSection(ExtensibilityGlobals) = postSolution
		SolutionGuid = {C2622215-0C54-4127-9FB8-AA2B11ADE29A}
	EndGlobalSection
EndGlobal
